
Microsoft Visual Studio Solution File, Format Version 12.00
# Visual Studio Version 16
VisualStudioVersion = 16.0.30002.166
MinimumVisualStudioVersion = 10.0.40219.1
Project("{9A19103F-16F7-4668-BE54-9A1E7A4F7556}") = "BookList", "BookList\BookList.csproj", "{7AC145D3-8DB3-42B3-BE43-6B66BCDF5070}"
EndProject
Global
	GlobalSection(SolutionConfigurationPlatforms) = preSolution
		Debug|Any CPU = Debug|Any CPU
		Release|Any CPU = Release|Any CPU
	EndGlobalSection
	GlobalSection(ProjectConfigurationPlatforms) = postSolution
		{7AC145D3-8DB3-42B3-BE43-6B66BCDF5070}.Debug|Any CPU.ActiveCfg = Debug|Any CPU
		{7AC145D3-8DB3-42B3-BE43-6B66BCDF5070}.Debug|Any CPU.Build.0 = Debug|Any CPU
		{7AC145D3-8DB3-42B3-BE43-6B66BCDF5070}.Release|Any CPU.ActiveCfg = Release|Any CPU
		{7AC145D3-8DB3-42B3-BE43-6B66BCDF5070}.Release|Any CPU.Build.0 = Release|Any CPU
	EndGlobalSection
	GlobalSection(SolutionProperties) = preSolution
		HideSolutionNode = FALSE
	EndGlobalSection
	GlobalSection(ExtensibilityGlobals) = postSolution
		SolutionGuid = {B5FA67E2-6233-455B-AEE8-3C09C3A3D822}
	EndGlobalSection
EndGlobal
